
Microsoft Visual Studio Solution File, Format Version 12.00
# Visual Studio 15
VisualStudioVersion = 15.0.28010.2026
MinimumVisualStudioVersion = 10.0.40219.1
Project("{FAE04EC0-301F-11D3-BF4B-00C04F79EFBC}") = "Task1", "Task1.csproj", "{80A1C781-57EA-4581-924A-B380F8F217B2}"
EndProject
Project("{FAE04EC0-301F-11D3-BF4B-00C04F79EFBC}") = "Task2", "Task2\Task2.csproj", "{6C01BF62-C156-438E-8FA0-7DDFCC28E323}"
EndProject
Global
	GlobalSection(SolutionConfigurationPlatforms) = preSolution
		Debug|Any CPU = Debug|Any CPU
		Release|Any CPU = Release|Any CPU
	EndGlobalSection
	GlobalSection(ProjectConfigurationPlatforms) = postSolution
		{80A1C781-57EA-4581-924A-B380F8F217B2}.Debug|Any CPU.ActiveCfg = Debug|Any CPU
		{80A1C781-57EA-4581-924A-B380F8F217B2}.Debug|Any CPU.Build.0 = Debug|Any CPU
		{80A1C781-57EA-4581-924A-B380F8F217B2}.Release|Any CPU.ActiveCfg = Release|Any CPU
		{80A1C781-57EA-4581-924A-B380F8F217B2}.Release|Any CPU.Build.0 = Release|Any CPU
		{6C01BF62-C156-438E-8FA0-7DDFCC28E323}.Debug|Any CPU.ActiveCfg = Debug|Any CPU
		{6C01BF62-C156-438E-8FA0-7DDFCC28E323}.Debug|Any CPU.Build.0 = Debug|Any CPU
		{6C01BF62-C156-438E-8FA0-7DDFCC28E323}.Release|Any CPU.ActiveCfg = Release|Any CPU
		{6C01BF62-C156-438E-8FA0-7DDFCC28E323}.Release|Any CPU.Build.0 = Release|Any CPU
	EndGlobalSection
	GlobalSection(SolutionProperties) = preSolution
		HideSolutionNode = FALSE
	EndGlobalSection
	GlobalSection(ExtensibilityGlobals) = postSolution
		SolutionGuid = {A2BBD1CD-4783-43AB-BDBB-516D7B5B41EF}
	EndGlobalSection
EndGlobal
